
Microsoft Visual Studio Solution File, Format Version 12.00
# Visual Studio Version 16
VisualStudioVersion = 16.0.31624.102
MinimumVisualStudioVersion = 10.0.40219.1
Project("{FAE04EC0-301F-11D3-BF4B-00C04F79EFBC}") = "Ball", "Ball\Ball.csproj", "{B2F963DA-F358-41E8-B03B-B90F69649779}"
EndProject
Global
	GlobalSection(SolutionConfigurationPlatforms) = preSolution
		Debug|Any CPU = Debug|Any CPU
		Release|Any CPU = Release|Any CPU
	EndGlobalSection
	GlobalSection(ProjectConfigurationPlatforms) = postSolution
		{B2F963DA-F358-41E8-B03B-B90F69649779}.Debug|Any CPU.ActiveCfg = Debug|Any CPU
		{B2F963DA-F358-41E8-B03B-B90F69649779}.Debug|Any CPU.Build.0 = Debug|Any CPU
		{B2F963DA-F358-41E8-B03B-B90F69649779}.Release|Any CPU.ActiveCfg = Release|Any CPU
		{B2F963DA-F358-41E8-B03B-B90F69649779}.Release|Any CPU.Build.0 = Release|Any CPU
	EndGlobalSection
	GlobalSection(SolutionProperties) = preSolution
		HideSolutionNode = FALSE
	EndGlobalSection
	GlobalSection(ExtensibilityGlobals) = postSolution
		SolutionGuid = {DBA402F8-C585-403A-863D-32D050EBBFB2}
	EndGlobalSection
EndGlobal
